
Microsoft Visual Studio Solution File, Format Version 12.00
# Visual Studio Version 16
VisualStudioVersion = 16.0.32901.82
MinimumVisualStudioVersion = 10.0.40219.1
Project("{9A19103F-16F7-4668-BE54-9A1E7A4F7556}") = "UEBSVR", "UEBSVR.csproj", "{BCD2993B-9B24-4ED6-933C-EBD724A822D0}"
EndProject
Project("{FAE04EC0-301F-11D3-BF4B-00C04F79EFBC}") = "VRPatcher", "..\VRPatcher\VRPatcher.csproj", "{2C205A24-0B74-467C-8F48-5EF69463DBC6}"
EndProject
Global
	GlobalSection(SolutionConfigurationPlatforms) = preSolution
		Debug|Any CPU = Debug|Any CPU
		Release|Any CPU = Release|Any CPU
	EndGlobalSection
	GlobalSection(ProjectConfigurationPlatforms) = postSolution
		{BCD2993B-9B24-4ED6-933C-EBD724A822D0}.Debug|Any CPU.ActiveCfg = Debug|Any CPU
		{BCD2993B-9B24-4ED6-933C-EBD724A822D0}.Debug|Any CPU.Build.0 = Debug|Any CPU
		{BCD2993B-9B24-4ED6-933C-EBD724A822D0}.Release|Any CPU.ActiveCfg = Release|Any CPU
		{BCD2993B-9B24-4ED6-933C-EBD724A822D0}.Release|Any CPU.Build.0 = Release|Any CPU
		{2C205A24-0B74-467C-8F48-5EF69463DBC6}.Debug|Any CPU.ActiveCfg = Debug|Any CPU
		{2C205A24-0B74-467C-8F48-5EF69463DBC6}.Debug|Any CPU.Build.0 = Debug|Any CPU
		{2C205A24-0B74-467C-8F48-5EF69463DBC6}.Release|Any CPU.ActiveCfg = Release|Any CPU
		{2C205A24-0B74-467C-8F48-5EF69463DBC6}.Release|Any CPU.Build.0 = Release|Any CPU
	EndGlobalSection
	GlobalSection(SolutionProperties) = preSolution
		HideSolutionNode = FALSE
	EndGlobalSection
	GlobalSection(ExtensibilityGlobals) = postSolution
		SolutionGuid = {0A22B1F6-6D86-4E73-BAD7-BBB716585715}
	EndGlobalSection
EndGlobal
